
Microsoft Visual Studio Solution File, Format Version 12.00
# Visual Studio Version 16
VisualStudioVersion = 16.0.32002.261
MinimumVisualStudioVersion = 10.0.40219.1
Project("{9A19103F-16F7-4668-BE54-9A1E7A4F7556}") = "Mission3Assignment", "Mission2Assignment\Mission3Assignment.csproj", "{15D7290F-EAC7-4698-A6A8-71429F6D3FC2}"
EndProject
Global
	GlobalSection(SolutionConfigurationPlatforms) = preSolution
		Debug|Any CPU = Debug|Any CPU
		Release|Any CPU = Release|Any CPU
	EndGlobalSection
	GlobalSection(ProjectConfigurationPlatforms) = postSolution
		{15D7290F-EAC7-4698-A6A8-71429F6D3FC2}.Debug|Any CPU.ActiveCfg = Debug|Any CPU
		{15D7290F-EAC7-4698-A6A8-71429F6D3FC2}.Debug|Any CPU.Build.0 = Debug|Any CPU
		{15D7290F-EAC7-4698-A6A8-71429F6D3FC2}.Release|Any CPU.ActiveCfg = Release|Any CPU
		{15D7290F-EAC7-4698-A6A8-71429F6D3FC2}.Release|Any CPU.Build.0 = Release|Any CPU
	EndGlobalSection
	GlobalSection(SolutionProperties) = preSolution
		HideSolutionNode = FALSE
	EndGlobalSection
	GlobalSection(ExtensibilityGlobals) = postSolution
		SolutionGuid = {B24A1167-DB76-497B-90DA-831E037F58AF}
	EndGlobalSection
EndGlobal
